
Microsoft Visual Studio Solution File, Format Version 12.00
# Visual Studio Version 16
VisualStudioVersion = 16.0.32126.315
MinimumVisualStudioVersion = 10.0.40219.1
Project("{FAE04EC0-301F-11D3-BF4B-00C04F79EFBC}") = "practiseTask", "practiseTask\practiseTask.csproj", "{EF95F31F-AEFE-4B7E-8FC5-80B6804C9F3A}"
EndProject
Global
	GlobalSection(SolutionConfigurationPlatforms) = preSolution
		Debug|Any CPU = Debug|Any CPU
		Release|Any CPU = Release|Any CPU
	EndGlobalSection
	GlobalSection(ProjectConfigurationPlatforms) = postSolution
		{EF95F31F-AEFE-4B7E-8FC5-80B6804C9F3A}.Debug|Any CPU.ActiveCfg = Debug|Any CPU
		{EF95F31F-AEFE-4B7E-8FC5-80B6804C9F3A}.Debug|Any CPU.Build.0 = Debug|Any CPU
		{EF95F31F-AEFE-4B7E-8FC5-80B6804C9F3A}.Release|Any CPU.ActiveCfg = Release|Any CPU
		{EF95F31F-AEFE-4B7E-8FC5-80B6804C9F3A}.Release|Any CPU.Build.0 = Release|Any CPU
	EndGlobalSection
	GlobalSection(SolutionProperties) = preSolution
		HideSolutionNode = FALSE
	EndGlobalSection
	GlobalSection(ExtensibilityGlobals) = postSolution
		SolutionGuid = {49A1CAB8-B1CD-4694-9662-FB795F6EB8D7}
	EndGlobalSection
EndGlobal
